lockfileVersion: '9.0'

settings:
  autoInstallPeers: true
  excludeLinksFromLockfile: false

importers:

  .:
    dependencies:
      '@openrouter/ai-sdk-provider':
        specifier: ^3.0.0
        version: 3.0.0(ai@7.0.97(zod@4.6.1))(zod@4.6.1)
      ai:
        specifier: ^7.0.58
        version: 7.0.97(zod@4.6.1)
      zod:
        specifier: ^4.4.3
        version: 4.6.1
    devDependencies:
      '@types/node':
        specifier: ^22.15.0
        version: 22.20.2
      typescript:
        specifier: ~5.9.3
        version: 5.9.3

packages:

  '@ai-sdk/gateway@4.0.78':
    resolution: {integrity: sha512-fcamzmFlcy+c/tIc7QcATLe/kArgSVGQ1QxaddMjhOSX8zypc2hmD5sHB2bp1DSFcSxDD32d6usF9a7xLCTULg==}
    engines: {node: '>=22'}
    peerDependencies:
      zod: ^3.25.76 || ^4.1.8

  '@ai-sdk/provider-utils@5.0.39':
    resolution: {integrity: sha512-VIFp4Qv3j+V941crFB1y2VG5yeGbeLOFRxiPaZJETkkpo1H5WviLx6H5yRkFkrXIGxnTGygKsPgCAJG0X61Auw==}
    engines: {node: '>=22'}
    peerDependencies:
      zod: ^3.25.76 || ^4.1.8

  '@ai-sdk/provider@4.0.13':
    resolution: {integrity: sha512-sJvnbFIFLzmKFXIjfwS8XCOAj6puHCawItwvA9PBZgk2f/l/TiC4OSfK3ueDbUVXfRCOn5eJN97EIF10toIOmQ==}
    engines: {node: '>=22'}

  '@openrouter/ai-sdk-provider@3.0.0':
    resolution: {integrity: sha512-m9XTSWoODH2RM5OsZpaGiN7QRR8cdP5paBWq699Tu3JVmGPBKT8xF8XwV0ZBVVsjikD/JgWfak4VSsTR4wAVbg==}
    engines: {node: '>=22'}
    peerDependencies:
      ai: ^7.0.0
      zod: ^3.25.76 || ^4.1.8

  '@standard-schema/spec@1.1.0':
    resolution: {integrity: sha512-l2aFy5jALhniG5HgqrD6jXLi/rUWrKvqN/qJx6yoJsgKhblVd+iqqU4RCXavm/jPityDo5TCvKMnpjKnOriy0w==}

  '@types/node@22.20.2':
    resolution: {integrity: sha512-xlvWf4Vs9n1PEVYwP1n4vvG07M6y8WgvJ2t0vbrWTmijsIHp1cS+uJ2kMIRdY3nHZK0nCYKrPeD171+SzF4/zw==}

  '@vercel/oidc@3.2.0':
    resolution: {integrity: sha512-UycprH3T6n3jH0k44NHMa7pnFHGu/N05MjojYr+Mc6I7obkoLIJujSWwin1pCvdy/eOxrI/l3uDLQsmcrOb4ug==}
    engines: {node: '>= 20'}

  '@workflow/serde@4.1.0':
    resolution: {integrity: sha512-pav4F2BoirECWR7Nf1TKt+2eETcBj7jj4cBefQ8VXQCA6NPkaKeLfj/zMgi+3zYV5ZIBT4GuUiphsj0/b9hPQQ==}

  ai@7.0.97:
    resolution: {integrity: sha512-tQGZ234p/bk5X/LNQdB43a5/z1Bve7wK0EOR1AwN6xrosZih4MIC/3pXhcnytcpBJHMbhLISW6J1dFTd/tnwPA==}
    engines: {node: '>=22'}
    peerDependencies:
      zod: ^3.25.76 || ^4.1.8

  eventsource-parser@3.1.1:
    resolution: {integrity: sha512-EKN1vKAMcZ8MlYMpaNuxN6R9yakzH6uajHcHVTqWJzvu5pWw9DyhbP35HH8MVBQ+dZjAfDxk+A8NiR9KWaXiyQ==}
    engines: {node: '>=18.0.0'}

  json-schema@0.4.0:
    resolution: {integrity: sha512-es94M3nTIfsEPisRafak+HDLfHXnKBhV3vU5eqPcS3flIWqcxJWgXHXiey3YrpaNsanY5ei1VoYEbOzijuq9BA==}

  typescript@5.9.3:
    resolution: {integrity: sha512-jl1vZzPDinLr9eUt3J/t7V6FgNEw9QjvBPdysz9KfQDD41fQrC2Y4vKQdiaUpFT4bXlb1RHhLpp8wtm6M5TgSw==}
    engines: {node: '>=14.17'}
    hasBin: true

  undici-types@6.21.0:
    resolution: {integrity: sha512-iwDZqg0QAGrg9Rav5H4n0M64c3mkR59cJ6wQp+7C4nI0gsmExaedaYLNO44eT4AtBBwjbTiGPMlt2Md0T9H9JQ==}

  undici@7.29.1:
    resolution: {integrity: sha512-RYONW2MeafgYlkVOKYKkA/Ag7BmXqgIWCa8t1m0JcxrQg9pI9lEqRhAOruOBCbAohOa/gkCF+iPi9hrgvTzu6Q==}
    engines: {node: '>=20.18.1'}

  zod@4.6.1:
    resolution: {integrity: sha512-341aRWQsve0rvronKNTqZpjmzdbUDlFuzHaI/XLg/Ej82qffDJRRfBTCuv7+9q/rMjB6LSLyEBnW4InJeMtt/Q==}

snapshots:

  '@ai-sdk/gateway@4.0.78(zod@4.6.1)':
    dependencies:
      '@ai-sdk/provider': 4.0.13
      '@ai-sdk/provider-utils': 5.0.39(zod@4.6.1)
      '@vercel/oidc': 3.2.0
      zod: 4.6.1

  '@ai-sdk/provider-utils@5.0.39(zod@4.6.1)':
    dependencies:
      '@ai-sdk/provider': 4.0.13
      '@standard-schema/spec': 1.1.0
      '@workflow/serde': 4.1.0
      eventsource-parser: 3.1.1
      undici: 7.29.1
      zod: 4.6.1

  '@ai-sdk/provider@4.0.13':
    dependencies:
      json-schema: 0.4.0

  '@openrouter/ai-sdk-provider@3.0.0(ai@7.0.97(zod@4.6.1))(zod@4.6.1)':
    dependencies:
      ai: 7.0.97(zod@4.6.1)
      zod: 4.6.1

  '@standard-schema/spec@1.1.0': {}

  '@types/node@22.20.2':
    dependencies:
      undici-types: 6.21.0

  '@vercel/oidc@3.2.0': {}

  '@workflow/serde@4.1.0': {}

  ai@7.0.97(zod@4.6.1):
    dependencies:
      '@ai-sdk/gateway': 4.0.78(zod@4.6.1)
      '@ai-sdk/provider': 4.0.13
      '@ai-sdk/provider-utils': 5.0.39(zod@4.6.1)
      zod: 4.6.1

  eventsource-parser@3.1.1: {}

  json-schema@0.4.0: {}

  typescript@5.9.3: {}

  undici-types@6.21.0: {}

  undici@7.29.1: {}

  zod@4.6.1: {}
